
Microsoft Visual Studio Solution File, Format Version 12.00
# Visual Studio Version 17
VisualStudioVersion = 17.11.35327.3
MinimumVisualStudioVersion = 10.0.40219.1
Project("{FAE04EC0-301F-11D3-BF4B-00C04F79EFBC}") = "BounceCastles", "BounceCastles.csproj", "{EE8DCDE3-F36F-4EE8-830A-D91CB3004708}"
EndProject
Global
	GlobalSection(SolutionConfigurationPlatforms) = preSolution
		Debug|Any CPU = Debug|Any CPU
		Release|Any CPU = Release|Any CPU
	EndGlobalSection
	GlobalSection(ProjectConfigurationPlatforms) = postSolution
		{EE8DCDE3-F36F-4EE8-830A-D91CB3004708}.Debug|Any CPU.ActiveCfg = Debug|Any CPU
		{EE8DCDE3-F36F-4EE8-830A-D91CB3004708}.Debug|Any CPU.Build.0 = Debug|Any CPU
		{EE8DCDE3-F36F-4EE8-830A-D91CB3004708}.Release|Any CPU.ActiveCfg = Release|Any CPU
		{EE8DCDE3-F36F-4EE8-830A-D91CB3004708}.Release|Any CPU.Build.0 = Release|Any CPU
	EndGlobalSection
	GlobalSection(SolutionProperties) = preSolution
		HideSolutionNode = FALSE
	EndGlobalSection
	GlobalSection(ExtensibilityGlobals) = postSolution
		SolutionGuid = {365F6DCB-9E0D-4F5F-924A-08E788B0E125}
	EndGlobalSection
EndGlobal
